
Microsoft Visual Studio Solution File, Format Version 12.00
# Visual Studio Version 16
VisualStudioVersion = 16.0.32929.386
MinimumVisualStudioVersion = 10.0.40219.1
Project("{F184B08F-C81C-45F6-A57F-5ABD9991F28F}") = "TechHW4", "TechHW4\TechHW4.vbproj", "{62C04C7D-D9D1-41BB-A6BA-A813CCF6FBF4}"
EndProject
Project("{F184B08F-C81C-45F6-A57F-5ABD9991F28F}") = "TechHW4.Tests", "TechHW4.Tests\TechHW4.Tests.vbproj", "{DC17FDCF-D2E5-47CC-BA8B-07C63703968B}"
EndProject
Global
	GlobalSection(SolutionConfigurationPlatforms) = preSolution
		Debug|Any CPU = Debug|Any CPU
		Release|Any CPU = Release|Any CPU
	EndGlobalSection
	GlobalSection(ProjectConfigurationPlatforms) = postSolution
		{62C04C7D-D9D1-41BB-A6BA-A813CCF6FBF4}.Debug|Any CPU.ActiveCfg = Debug|Any CPU
		{62C04C7D-D9D1-41BB-A6BA-A813CCF6FBF4}.Debug|Any CPU.Build.0 = Debug|Any CPU
		{62C04C7D-D9D1-41BB-A6BA-A813CCF6FBF4}.Release|Any CPU.ActiveCfg = Release|Any CPU
		{62C04C7D-D9D1-41BB-A6BA-A813CCF6FBF4}.Release|Any CPU.Build.0 = Release|Any CPU
		{DC17FDCF-D2E5-47CC-BA8B-07C63703968B}.Debug|Any CPU.ActiveCfg = Debug|Any CPU
		{DC17FDCF-D2E5-47CC-BA8B-07C63703968B}.Debug|Any CPU.Build.0 = Debug|Any CPU
		{DC17FDCF-D2E5-47CC-BA8B-07C63703968B}.Release|Any CPU.ActiveCfg = Release|Any CPU
		{DC17FDCF-D2E5-47CC-BA8B-07C63703968B}.Release|Any CPU.Build.0 = Release|Any CPU
	EndGlobalSection
	GlobalSection(SolutionProperties) = preSolution
		HideSolutionNode = FALSE
	EndGlobalSection
	GlobalSection(ExtensibilityGlobals) = postSolution
		SolutionGuid = {BDC02686-317B-4291-98BD-4E8DEF045DCC}
	EndGlobalSection
EndGlobal
